
Microsoft Visual Studio Solution File, Format Version 12.00
# Visual Studio 2013
VisualStudioVersion = 12.0.30723.0
MinimumVisualStudioVersion = 10.0.40219.1
Project("{8BC9CEB8-8B4A-11D0-8D11-00A0C91BC942}") = "6_RSA", "6_RSA\6_RSA.vcxproj", "{51A365B4-0461-42B7-8AC5-4FB85CF4A7DE}"
	ProjectSection(ProjectDependencies) = postProject
		{66E5CCDB-C8CB-44F4-86DC-8071A168D275} = {66E5CCDB-C8CB-44F4-86DC-8071A168D275}
	EndProjectSection
EndProject
Project("{8BC9CEB8-8B4A-11D0-8D11-00A0C91BC942}") = "7_MITM", "7_MITM\7_MITM.vcxproj", "{9096EC16-1AA1-47B6-A6E6-26C5BC6C35B4}"
	ProjectSection(ProjectDependencies) = postProject
		{66E5CCDB-C8CB-44F4-86DC-8071A168D275} = {66E5CCDB-C8CB-44F4-86DC-8071A168D275}
	EndProjectSection
EndProject
Project("{8BC9CEB8-8B4A-11D0-8D11-00A0C91BC942}") = "8_MYHASH", "8_MYHASH\8_MYHASH.vcxproj", "{6062D0B4-F544-4CE9-8288-9413E1C63663}"
	ProjectSection(ProjectDependencies) = postProject
		{66E5CCDB-C8CB-44F4-86DC-8071A168D275} = {66E5CCDB-C8CB-44F4-86DC-8071A168D275}
	EndProjectSection
EndProject
Project("{8BC9CEB8-8B4A-11D0-8D11-00A0C91BC942}") = "HASH", "8_SHA256\HASH.vcxproj", "{C51FE2EE-ED80-4B99-AFEA-52C0FDBC6842}"
	ProjectSection(ProjectDependencies) = postProject
		{66E5CCDB-C8CB-44F4-86DC-8071A168D275} = {66E5CCDB-C8CB-44F4-86DC-8071A168D275}
	EndProjectSection
EndProject
Project("{8BC9CEB8-8B4A-11D0-8D11-00A0C91BC942}") = "9_HASHTABLE", "9_HASHTABLE\9_HASHTABLE.vcxproj", "{506019C0-A263-43FC-AAE1-DC9C711B3793}"
	ProjectSection(ProjectDependencies) = postProject
		{66E5CCDB-C8CB-44F4-86DC-8071A168D275} = {66E5CCDB-C8CB-44F4-86DC-8071A168D275}
	EndProjectSection
EndProject
Project("{8BC9CEB8-8B4A-11D0-8D11-00A0C91BC942}") = "ENTROPY", "10_ENTROPY\ENTROPY.vcxproj", "{84B034D2-6837-439A-8C58-4C7A5514C62B}"
	ProjectSection(ProjectDependencies) = postProject
		{6062D0B4-F544-4CE9-8288-9413E1C63663} = {6062D0B4-F544-4CE9-8288-9413E1C63663}
		{66E5CCDB-C8CB-44F4-86DC-8071A168D275} = {66E5CCDB-C8CB-44F4-86DC-8071A168D275}
		{C51FE2EE-ED80-4B99-AFEA-52C0FDBC6842} = {C51FE2EE-ED80-4B99-AFEA-52C0FDBC6842}
	EndProjectSection
EndProject
Project("{8BC9CEB8-8B4A-11D0-8D11-00A0C91BC942}") = "11_DiffieHellman_Alice", "11_Diffie-Hellman\11_Diffie-Hellman.vcxproj", "{4E601F68-16E0-4AE1-8A3F-CCBD46D4D58F}"
	ProjectSection(ProjectDependencies) = postProject
		{66E5CCDB-C8CB-44F4-86DC-8071A168D275} = {66E5CCDB-C8CB-44F4-86DC-8071A168D275}
	EndProjectSection
EndProject
Project("{8BC9CEB8-8B4A-11D0-8D11-00A0C91BC942}") = "11_DiffieHellman_Bob", "11_DiffieHellman_Bob\11_DiffieHellman_Bob.vcxproj", "{62F514EE-25B8-48E0-A400-0937CAB9ECAA}"
	ProjectSection(ProjectDependencies) = postProject
		{66E5CCDB-C8CB-44F4-86DC-8071A168D275} = {66E5CCDB-C8CB-44F4-86DC-8071A168D275}
	EndProjectSection
EndProject
Project("{8BC9CEB8-8B4A-11D0-8D11-00A0C91BC942}") = "Проект60", "1_otp\Проект60.vcxproj", "{42F3286E-0A6B-46B5-8E74-5E29A0E7BB87}"
	ProjectSection(ProjectDependencies) = postProject
		{66E5CCDB-C8CB-44F4-86DC-8071A168D275} = {66E5CCDB-C8CB-44F4-86DC-8071A168D275}
	EndProjectSection
EndProject
Project("{8BC9CEB8-8B4A-11D0-8D11-00A0C91BC942}") = "proceses", "2_processes\proceses.vcxproj", "{44701A86-24C6-4018-91FA-B92C7CFA004E}"
	ProjectSection(ProjectDependencies) = postProject
		{66E5CCDB-C8CB-44F4-86DC-8071A168D275} = {66E5CCDB-C8CB-44F4-86DC-8071A168D275}
	EndProjectSection
EndProject
Project("{8BC9CEB8-8B4A-11D0-8D11-00A0C91BC942}") = "RC4", "5_RC4\RC4.vcxproj", "{F6782655-7BD0-4FCA-B681-9300A04A4452}"
	ProjectSection(ProjectDependencies) = postProject
		{66E5CCDB-C8CB-44F4-86DC-8071A168D275} = {66E5CCDB-C8CB-44F4-86DC-8071A168D275}
	EndProjectSection
EndProject
Project("{8BC9CEB8-8B4A-11D0-8D11-00A0C91BC942}") = "desproxy", "3_des\desproxy.vcxproj", "{B782B511-B77C-4D45-AC9B-4D2CB33D7E37}"
	ProjectSection(ProjectDependencies) = postProject
		{66E5CCDB-C8CB-44F4-86DC-8071A168D275} = {66E5CCDB-C8CB-44F4-86DC-8071A168D275}
	EndProjectSection
EndProject
Project("{8BC9CEB8-8B4A-11D0-8D11-00A0C91BC942}") = "aesproxy", "4_aes\aesproxy.vcxproj", "{15885039-5BF7-46CC-94FB-D145BD1F3B8D}"
	ProjectSection(ProjectDependencies) = postProject
		{66E5CCDB-C8CB-44F4-86DC-8071A168D275} = {66E5CCDB-C8CB-44F4-86DC-8071A168D275}
	EndProjectSection
EndProject
Project("{8BC9CEB8-8B4A-11D0-8D11-00A0C91BC942}") = "MyLib", "MyLib\MyLib.vcxproj", "{66E5CCDB-C8CB-44F4-86DC-8071A168D275}"
EndProject
Global
	GlobalSection(SolutionConfigurationPlatforms) = preSolution
		Debug|ARM = Debug|ARM
		Debug|Win32 = Debug|Win32
		Debug|x64 = Debug|x64
		Release|ARM = Release|ARM
		Release|Win32 = Release|Win32
		Release|x64 = Release|x64
	EndGlobalSection
	GlobalSection(ProjectConfigurationPlatforms) = postSolution
		{51A365B4-0461-42B7-8AC5-4FB85CF4A7DE}.Debug|ARM.ActiveCfg = Debug|Win32
		{51A365B4-0461-42B7-8AC5-4FB85CF4A7DE}.Debug|Win32.ActiveCfg = Debug|Win32
		{51A365B4-0461-42B7-8AC5-4FB85CF4A7DE}.Debug|Win32.Build.0 = Debug|Win32
		{51A365B4-0461-42B7-8AC5-4FB85CF4A7DE}.Debug|x64.ActiveCfg = Debug|Win32
		{51A365B4-0461-42B7-8AC5-4FB85CF4A7DE}.Release|ARM.ActiveCfg = Release|Win32
		{51A365B4-0461-42B7-8AC5-4FB85CF4A7DE}.Release|Win32.ActiveCfg = Release|Win32
		{51A365B4-0461-42B7-8AC5-4FB85CF4A7DE}.Release|Win32.Build.0 = Release|Win32
		{51A365B4-0461-42B7-8AC5-4FB85CF4A7DE}.Release|x64.ActiveCfg = Release|Win32
		{9096EC16-1AA1-47B6-A6E6-26C5BC6C35B4}.Debug|ARM.ActiveCfg = Debug|Win32
		{9096EC16-1AA1-47B6-A6E6-26C5BC6C35B4}.Debug|Win32.ActiveCfg = Debug|Win32
		{9096EC16-1AA1-47B6-A6E6-26C5BC6C35B4}.Debug|Win32.Build.0 = Debug|Win32
		{9096EC16-1AA1-47B6-A6E6-26C5BC6C35B4}.Debug|x64.ActiveCfg = Debug|Win32
		{9096EC16-1AA1-47B6-A6E6-26C5BC6C35B4}.Release|ARM.ActiveCfg = Release|Win32
		{9096EC16-1AA1-47B6-A6E6-26C5BC6C35B4}.Release|Win32.ActiveCfg = Release|Win32
		{9096EC16-1AA1-47B6-A6E6-26C5BC6C35B4}.Release|Win32.Build.0 = Release|Win32
		{9096EC16-1AA1-47B6-A6E6-26C5BC6C35B4}.Release|x64.ActiveCfg = Release|Win32
		{6062D0B4-F544-4CE9-8288-9413E1C63663}.Debug|ARM.ActiveCfg = Debug|Win32
		{6062D0B4-F544-4CE9-8288-9413E1C63663}.Debug|Win32.ActiveCfg = Debug|Win32
		{6062D0B4-F544-4CE9-8288-9413E1C63663}.Debug|Win32.Build.0 = Debug|Win32
		{6062D0B4-F544-4CE9-8288-9413E1C63663}.Debug|x64.ActiveCfg = Debug|Win32
		{6062D0B4-F544-4CE9-8288-9413E1C63663}.Release|ARM.ActiveCfg = Release|Win32
		{6062D0B4-F544-4CE9-8288-9413E1C63663}.Release|Win32.ActiveCfg = Release|Win32
		{6062D0B4-F544-4CE9-8288-9413E1C63663}.Release|Win32.Build.0 = Release|Win32
		{6062D0B4-F544-4CE9-8288-9413E1C63663}.Release|x64.ActiveCfg = Release|Win32
		{C51FE2EE-ED80-4B99-AFEA-52C0FDBC6842}.Debug|ARM.ActiveCfg = Debug|Win32
		{C51FE2EE-ED80-4B99-AFEA-52C0FDBC6842}.Debug|Win32.ActiveCfg = Debug|Win32
		{C51FE2EE-ED80-4B99-AFEA-52C0FDBC6842}.Debug|Win32.Build.0 = Debug|Win32
		{C51FE2EE-ED80-4B99-AFEA-52C0FDBC6842}.Debug|x64.ActiveCfg = Debug|Win32
		{C51FE2EE-ED80-4B99-AFEA-52C0FDBC6842}.Release|ARM.ActiveCfg = Release|Win32
		{C51FE2EE-ED80-4B99-AFEA-52C0FDBC6842}.Release|Win32.ActiveCfg = Release|Win32
		{C51FE2EE-ED80-4B99-AFEA-52C0FDBC6842}.Release|Win32.Build.0 = Release|Win32
		{C51FE2EE-ED80-4B99-AFEA-52C0FDBC6842}.Release|x64.ActiveCfg = Release|Win32
		{506019C0-A263-43FC-AAE1-DC9C711B3793}.Debug|ARM.ActiveCfg = Debug|Win32
		{506019C0-A263-43FC-AAE1-DC9C711B3793}.Debug|Win32.ActiveCfg = Debug|Win32
		{506019C0-A263-43FC-AAE1-DC9C711B3793}.Debug|Win32.Build.0 = Debug|Win32
		{506019C0-A263-43FC-AAE1-DC9C711B3793}.Debug|x64.ActiveCfg = Debug|Win32
		{506019C0-A263-43FC-AAE1-DC9C711B3793}.Release|ARM.ActiveCfg = Release|Win32
		{506019C0-A263-43FC-AAE1-DC9C711B3793}.Release|Win32.ActiveCfg = Release|Win32
		{506019C0-A263-43FC-AAE1-DC9C711B3793}.Release|Win32.Build.0 = Release|Win32
		{506019C0-A263-43FC-AAE1-DC9C711B3793}.Release|x64.ActiveCfg = Release|Win32
		{84B034D2-6837-439A-8C58-4C7A5514C62B}.Debug|ARM.ActiveCfg = Debug|Win32
		{84B034D2-6837-439A-8C58-4C7A5514C62B}.Debug|Win32.ActiveCfg = Debug|Win32
		{84B034D2-6837-439A-8C58-4C7A5514C62B}.Debug|Win32.Build.0 = Debug|Win32
		{84B034D2-6837-439A-8C58-4C7A5514C62B}.Debug|x64.ActiveCfg = Debug|Win32
		{84B034D2-6837-439A-8C58-4C7A5514C62B}.Release|ARM.ActiveCfg = Release|Win32
		{84B034D2-6837-439A-8C58-4C7A5514C62B}.Release|Win32.ActiveCfg = Release|Win32
		{84B034D2-6837-439A-8C58-4C7A5514C62B}.Release|Win32.Build.0 = Release|Win32
		{84B034D2-6837-439A-8C58-4C7A5514C62B}.Release|x64.ActiveCfg = Release|Win32
		{4E601F68-16E0-4AE1-8A3F-CCBD46D4D58F}.Debug|ARM.ActiveCfg = Debug|Win32
		{4E601F68-16E0-4AE1-8A3F-CCBD46D4D58F}.Debug|Win32.ActiveCfg = Debug|Win32
		{4E601F68-16E0-4AE1-8A3F-CCBD46D4D58F}.Debug|Win32.Build.0 = Debug|Win32
		{4E601F68-16E0-4AE1-8A3F-CCBD46D4D58F}.Debug|x64.ActiveCfg = Debug|Win32
		{4E601F68-16E0-4AE1-8A3F-CCBD46D4D58F}.Release|ARM.ActiveCfg = Release|Win32
		{4E601F68-16E0-4AE1-8A3F-CCBD46D4D58F}.Release|Win32.ActiveCfg = Release|Win32
		{4E601F68-16E0-4AE1-8A3F-CCBD46D4D58F}.Release|Win32.Build.0 = Release|Win32
		{4E601F68-16E0-4AE1-8A3F-CCBD46D4D58F}.Release|x64.ActiveCfg = Release|Win32
		{62F514EE-25B8-48E0-A400-0937CAB9ECAA}.Debug|ARM.ActiveCfg = Debug|Win32
		{62F514EE-25B8-48E0-A400-0937CAB9ECAA}.Debug|Win32.ActiveCfg = Debug|Win32
		{62F514EE-25B8-48E0-A400-0937CAB9ECAA}.Debug|Win32.Build.0 = Debug|Win32
		{62F514EE-25B8-48E0-A400-0937CAB9ECAA}.Debug|x64.ActiveCfg = Debug|Win32
		{62F514EE-25B8-48E0-A400-0937CAB9ECAA}.Release|ARM.ActiveCfg = Release|Win32
		{62F514EE-25B8-48E0-A400-0937CAB9ECAA}.Release|Win32.ActiveCfg = Release|Win32
		{62F514EE-25B8-48E0-A400-0937CAB9ECAA}.Release|Win32.Build.0 = Release|Win32
		{62F514EE-25B8-48E0-A400-0937CAB9ECAA}.Release|x64.ActiveCfg = Release|Win32
		{42F3286E-0A6B-46B5-8E74-5E29A0E7BB87}.Debug|ARM.ActiveCfg = Debug|Win32
		{42F3286E-0A6B-46B5-8E74-5E29A0E7BB87}.Debug|Win32.ActiveCfg = Debug|Win32
		{42F3286E-0A6B-46B5-8E74-5E29A0E7BB87}.Debug|Win32.Build.0 = Debug|Win32
		{42F3286E-0A6B-46B5-8E74-5E29A0E7BB87}.Debug|x64.ActiveCfg = Debug|Win32
		{42F3286E-0A6B-46B5-8E74-5E29A0E7BB87}.Release|ARM.ActiveCfg = Release|Win32
		{42F3286E-0A6B-46B5-8E74-5E29A0E7BB87}.Release|Win32.ActiveCfg = Release|Win32
		{42F3286E-0A6B-46B5-8E74-5E29A0E7BB87}.Release|Win32.Build.0 = Release|Win32
		{42F3286E-0A6B-46B5-8E74-5E29A0E7BB87}.Release|x64.ActiveCfg = Release|Win32
		{44701A86-24C6-4018-91FA-B92C7CFA004E}.Debug|ARM.ActiveCfg = Debug|Win32
		{44701A86-24C6-4018-91FA-B92C7CFA004E}.Debug|Win32.ActiveCfg = Debug|Win32
		{44701A86-24C6-4018-91FA-B92C7CFA004E}.Debug|Win32.Build.0 = Debug|Win32
		{44701A86-24C6-4018-91FA-B92C7CFA004E}.Debug|x64.ActiveCfg = Debug|Win32
		{44701A86-24C6-4018-91FA-B92C7CFA004E}.Release|ARM.ActiveCfg = Release|Win32
		{44701A86-24C6-4018-91FA-B92C7CFA004E}.Release|Win32.ActiveCfg = Release|Win32
		{44701A86-24C6-4018-91FA-B92C7CFA004E}.Release|Win32.Build.0 = Release|Win32
		{44701A86-24C6-4018-91FA-B92C7CFA004E}.Release|x64.ActiveCfg = Release|Win32
		{F6782655-7BD0-4FCA-B681-9300A04A4452}.Debug|ARM.ActiveCfg = Debug|Win32
		{F6782655-7BD0-4FCA-B681-9300A04A4452}.Debug|Win32.ActiveCfg = Debug|Win32
		{F6782655-7BD0-4FCA-B681-9300A04A4452}.Debug|Win32.Build.0 = Debug|Win32
		{F6782655-7BD0-4FCA-B681-9300A04A4452}.Debug|x64.ActiveCfg = Debug|Win32
		{F6782655-7BD0-4FCA-B681-9300A04A4452}.Release|ARM.ActiveCfg = Release|Win32
		{F6782655-7BD0-4FCA-B681-9300A04A4452}.Release|Win32.ActiveCfg = Release|Win32
		{F6782655-7BD0-4FCA-B681-9300A04A4452}.Release|Win32.Build.0 = Release|Win32
		{F6782655-7BD0-4FCA-B681-9300A04A4452}.Release|x64.ActiveCfg = Release|Win32
		{B782B511-B77C-4D45-AC9B-4D2CB33D7E37}.Debug|ARM.ActiveCfg = Debug|Win32
		{B782B511-B77C-4D45-AC9B-4D2CB33D7E37}.Debug|Win32.ActiveCfg = Debug|Win32
		{B782B511-B77C-4D45-AC9B-4D2CB33D7E37}.Debug|Win32.Build.0 = Debug|Win32
		{B782B511-B77C-4D45-AC9B-4D2CB33D7E37}.Debug|x64.ActiveCfg = Debug|Win32
		{B782B511-B77C-4D45-AC9B-4D2CB33D7E37}.Release|ARM.ActiveCfg = Release|Win32
		{B782B511-B77C-4D45-AC9B-4D2CB33D7E37}.Release|Win32.ActiveCfg = Release|Win32
		{B782B511-B77C-4D45-AC9B-4D2CB33D7E37}.Release|Win32.Build.0 = Release|Win32
		{B782B511-B77C-4D45-AC9B-4D2CB33D7E37}.Release|x64.ActiveCfg = Release|Win32
		{15885039-5BF7-46CC-94FB-D145BD1F3B8D}.Debug|ARM.ActiveCfg = Debug|Win32
		{15885039-5BF7-46CC-94FB-D145BD1F3B8D}.Debug|Win32.ActiveCfg = Debug|Win32
		{15885039-5BF7-46CC-94FB-D145BD1F3B8D}.Debug|Win32.Build.0 = Debug|Win32
		{15885039-5BF7-46CC-94FB-D145BD1F3B8D}.Debug|x64.ActiveCfg = Debug|Win32
		{15885039-5BF7-46CC-94FB-D145BD1F3B8D}.Release|ARM.ActiveCfg = Release|Win32
		{15885039-5BF7-46CC-94FB-D145BD1F3B8D}.Release|Win32.ActiveCfg = Release|Win32
		{15885039-5BF7-46CC-94FB-D145BD1F3B8D}.Release|Win32.Build.0 = Release|Win32
		{15885039-5BF7-46CC-94FB-D145BD1F3B8D}.Release|x64.ActiveCfg = Release|Win32
		{66E5CCDB-C8CB-44F4-86DC-8071A168D275}.Debug|ARM.ActiveCfg = Debug|Win32
		{66E5CCDB-C8CB-44F4-86DC-8071A168D275}.Debug|Win32.ActiveCfg = Debug|Win32
		{66E5CCDB-C8CB-44F4-86DC-8071A168D275}.Debug|Win32.Build.0 = Debug|Win32
		{66E5CCDB-C8CB-44F4-86DC-8071A168D275}.Debug|x64.ActiveCfg = Debug|Win32
		{66E5CCDB-C8CB-44F4-86DC-8071A168D275}.Release|ARM.ActiveCfg = Release|Win32
		{66E5CCDB-C8CB-44F4-86DC-8071A168D275}.Release|Win32.ActiveCfg = Release|Win32
		{66E5CCDB-C8CB-44F4-86DC-8071A168D275}.Release|Win32.Build.0 = Release|Win32
		{66E5CCDB-C8CB-44F4-86DC-8071A168D275}.Release|x64.ActiveCfg = Release|Win32
	EndGlobalSection
	GlobalSection(SolutionProperties) = preSolution
		HideSolutionNode = FALSE
	EndGlobalSection
EndGlobal
