
Microsoft Visual Studio Solution File, Format Version 12.00
# Visual Studio 2013
VisualStudioVersion = 12.0.30723.0
MinimumVisualStudioVersion = 10.0.40219.1
Project("{8BC9CEB8-8B4A-11D0-8D11-00A0C91BC942}") = "Проект60", "1_otp\Проект60\Проект60.vcxproj", "{42F3286E-0A6B-46B5-8E74-5E29A0E7BB87}"
EndProject
Project("{8BC9CEB8-8B4A-11D0-8D11-00A0C91BC942}") = "proceses", "2_processes\proceses\proceses.vcxproj", "{44701A86-24C6-4018-91FA-B92C7CFA004E}"
EndProject
Project("{8BC9CEB8-8B4A-11D0-8D11-00A0C91BC942}") = "desproxy", "3_des\desproxy\desproxy.vcxproj", "{B782B511-B77C-4D45-AC9B-4D2CB33D7E37}"
EndProject
Project("{8BC9CEB8-8B4A-11D0-8D11-00A0C91BC942}") = "aesproxy", "4_aes\aesproxy\aesproxy.vcxproj", "{15885039-5BF7-46CC-94FB-D145BD1F3B8D}"
EndProject
Project("{8BC9CEB8-8B4A-11D0-8D11-00A0C91BC942}") = "RC4", "5_RC4\RC4\RC4.vcxproj", "{F6782655-7BD0-4FCA-B681-9300A04A4452}"
EndProject
Project("{8BC9CEB8-8B4A-11D0-8D11-00A0C91BC942}") = "6_RSA", "6_RSA\6_RSA.vcxproj", "{51A365B4-0461-42B7-8AC5-4FB85CF4A7DE}"
EndProject
Project("{8BC9CEB8-8B4A-11D0-8D11-00A0C91BC942}") = "7_MITM", "7_MITM\7_MITM.vcxproj", "{9096EC16-1AA1-47B6-A6E6-26C5BC6C35B4}"
EndProject
Project("{8BC9CEB8-8B4A-11D0-8D11-00A0C91BC942}") = "8_MYHASH", "8_MYHASH\8_MYHASH.vcxproj", "{6062D0B4-F544-4CE9-8288-9413E1C63663}"
EndProject
Project("{8BC9CEB8-8B4A-11D0-8D11-00A0C91BC942}") = "HASH", "8_SHA256\HASH.vcxproj", "{C51FE2EE-ED80-4B99-AFEA-52C0FDBC6842}"
EndProject
Project("{8BC9CEB8-8B4A-11D0-8D11-00A0C91BC942}") = "9_HASHTABLE", "9_HASHTABLE\9_HASHTABLE.vcxproj", "{506019C0-A263-43FC-AAE1-DC9C711B3793}"
EndProject
Project("{8BC9CEB8-8B4A-11D0-8D11-00A0C91BC942}") = "ENTROPY", "10_ENTROPY\ENTROPY.vcxproj", "{84B034D2-6837-439A-8C58-4C7A5514C62B}"
EndProject
Project("{8BC9CEB8-8B4A-11D0-8D11-00A0C91BC942}") = "11_Diffie-Hellman", "11_Diffie-Hellman\11_Diffie-Hellman.vcxproj", "{4E601F68-16E0-4AE1-8A3F-CCBD46D4D58F}"
EndProject
Global
	GlobalSection(SolutionConfigurationPlatforms) = preSolution
		Debug|Win32 = Debug|Win32
		Release|Win32 = Release|Win32
	EndGlobalSection
	GlobalSection(ProjectConfigurationPlatforms) = postSolution
		{42F3286E-0A6B-46B5-8E74-5E29A0E7BB87}.Debug|Win32.ActiveCfg = Debug|Win32
		{42F3286E-0A6B-46B5-8E74-5E29A0E7BB87}.Debug|Win32.Build.0 = Debug|Win32
		{42F3286E-0A6B-46B5-8E74-5E29A0E7BB87}.Release|Win32.ActiveCfg = Release|Win32
		{42F3286E-0A6B-46B5-8E74-5E29A0E7BB87}.Release|Win32.Build.0 = Release|Win32
		{44701A86-24C6-4018-91FA-B92C7CFA004E}.Debug|Win32.ActiveCfg = Debug|Win32
		{44701A86-24C6-4018-91FA-B92C7CFA004E}.Debug|Win32.Build.0 = Debug|Win32
		{44701A86-24C6-4018-91FA-B92C7CFA004E}.Release|Win32.ActiveCfg = Release|Win32
		{44701A86-24C6-4018-91FA-B92C7CFA004E}.Release|Win32.Build.0 = Release|Win32
		{B782B511-B77C-4D45-AC9B-4D2CB33D7E37}.Debug|Win32.ActiveCfg = Debug|Win32
		{B782B511-B77C-4D45-AC9B-4D2CB33D7E37}.Debug|Win32.Build.0 = Debug|Win32
		{B782B511-B77C-4D45-AC9B-4D2CB33D7E37}.Release|Win32.ActiveCfg = Release|Win32
		{B782B511-B77C-4D45-AC9B-4D2CB33D7E37}.Release|Win32.Build.0 = Release|Win32
		{15885039-5BF7-46CC-94FB-D145BD1F3B8D}.Debug|Win32.ActiveCfg = Debug|Win32
		{15885039-5BF7-46CC-94FB-D145BD1F3B8D}.Debug|Win32.Build.0 = Debug|Win32
		{15885039-5BF7-46CC-94FB-D145BD1F3B8D}.Release|Win32.ActiveCfg = Release|Win32
		{15885039-5BF7-46CC-94FB-D145BD1F3B8D}.Release|Win32.Build.0 = Release|Win32
		{F6782655-7BD0-4FCA-B681-9300A04A4452}.Debug|Win32.ActiveCfg = Debug|Win32
		{F6782655-7BD0-4FCA-B681-9300A04A4452}.Debug|Win32.Build.0 = Debug|Win32
		{F6782655-7BD0-4FCA-B681-9300A04A4452}.Release|Win32.ActiveCfg = Release|Win32
		{F6782655-7BD0-4FCA-B681-9300A04A4452}.Release|Win32.Build.0 = Release|Win32
		{51A365B4-0461-42B7-8AC5-4FB85CF4A7DE}.Debug|Win32.ActiveCfg = Debug|Win32
		{51A365B4-0461-42B7-8AC5-4FB85CF4A7DE}.Debug|Win32.Build.0 = Debug|Win32
		{51A365B4-0461-42B7-8AC5-4FB85CF4A7DE}.Release|Win32.ActiveCfg = Release|Win32
		{51A365B4-0461-42B7-8AC5-4FB85CF4A7DE}.Release|Win32.Build.0 = Release|Win32
		{9096EC16-1AA1-47B6-A6E6-26C5BC6C35B4}.Debug|Win32.ActiveCfg = Debug|Win32
		{9096EC16-1AA1-47B6-A6E6-26C5BC6C35B4}.Debug|Win32.Build.0 = Debug|Win32
		{9096EC16-1AA1-47B6-A6E6-26C5BC6C35B4}.Release|Win32.ActiveCfg = Release|Win32
		{9096EC16-1AA1-47B6-A6E6-26C5BC6C35B4}.Release|Win32.Build.0 = Release|Win32
		{6062D0B4-F544-4CE9-8288-9413E1C63663}.Debug|Win32.ActiveCfg = Debug|Win32
		{6062D0B4-F544-4CE9-8288-9413E1C63663}.Debug|Win32.Build.0 = Debug|Win32
		{6062D0B4-F544-4CE9-8288-9413E1C63663}.Release|Win32.ActiveCfg = Release|Win32
		{6062D0B4-F544-4CE9-8288-9413E1C63663}.Release|Win32.Build.0 = Release|Win32
		{C51FE2EE-ED80-4B99-AFEA-52C0FDBC6842}.Debug|Win32.ActiveCfg = Debug|Win32
		{C51FE2EE-ED80-4B99-AFEA-52C0FDBC6842}.Debug|Win32.Build.0 = Debug|Win32
		{C51FE2EE-ED80-4B99-AFEA-52C0FDBC6842}.Release|Win32.ActiveCfg = Release|Win32
		{C51FE2EE-ED80-4B99-AFEA-52C0FDBC6842}.Release|Win32.Build.0 = Release|Win32
		{506019C0-A263-43FC-AAE1-DC9C711B3793}.Debug|Win32.ActiveCfg = Debug|Win32
		{506019C0-A263-43FC-AAE1-DC9C711B3793}.Debug|Win32.Build.0 = Debug|Win32
		{506019C0-A263-43FC-AAE1-DC9C711B3793}.Release|Win32.ActiveCfg = Release|Win32
		{506019C0-A263-43FC-AAE1-DC9C711B3793}.Release|Win32.Build.0 = Release|Win32
		{84B034D2-6837-439A-8C58-4C7A5514C62B}.Debug|Win32.ActiveCfg = Debug|Win32
		{84B034D2-6837-439A-8C58-4C7A5514C62B}.Debug|Win32.Build.0 = Debug|Win32
		{84B034D2-6837-439A-8C58-4C7A5514C62B}.Release|Win32.ActiveCfg = Release|Win32
		{84B034D2-6837-439A-8C58-4C7A5514C62B}.Release|Win32.Build.0 = Release|Win32
		{4E601F68-16E0-4AE1-8A3F-CCBD46D4D58F}.Debug|Win32.ActiveCfg = Debug|Win32
		{4E601F68-16E0-4AE1-8A3F-CCBD46D4D58F}.Debug|Win32.Build.0 = Debug|Win32
		{4E601F68-16E0-4AE1-8A3F-CCBD46D4D58F}.Release|Win32.ActiveCfg = Release|Win32
		{4E601F68-16E0-4AE1-8A3F-CCBD46D4D58F}.Release|Win32.Build.0 = Release|Win32
	EndGlobalSection
	GlobalSection(SolutionProperties) = preSolution
		HideSolutionNode = FALSE
	EndGlobalSection
EndGlobal
